{
    "name": "iacon-logo",
    "version": "0.1.3",
    "lockfileVersion": 2,
    "requires": true,
    "packages": {
        "": {
            "name": "iacon-logo",
            "version": "0.1.3",
            "license": "MIT",
            "bin": {
                "iacon-logo": "cli.js"
            }
        }
    }
}
